cloud.google.com/go v0.123.0 h1:2NAUJwPR47q+E35uaJeYoNhuNEM9kM8SjgRgdeOJUSE=
cloud.google.com/go v0.123.0/go.mod h1:xBoMV08QcqUGuPW65Qfm1o9Y4zKZBpGS+7bImXLTAZU=
cloud.google.com/go/accessapproval v1.8.8 h1:gq8OS+rQWgGRo91D2qztN+ion6AZ2T1CxBIu0ifCmVo=
cloud.google.com/go/accessapproval v1.8.8/go.mod h1:RFwPY9JDKseP4gJrX1BlAVsP5O6kI8NdGlTmaeDefmk=
cloud.google.com/go/accesscontextmanager v1.9.7 h1:aKIfg7Jyc73pe8bzx0zypNdS5gfFdSvFvB8YNA9k2kA=
cloud.google.com/go/accesscontextmanager v1.9.7/go.mod h1:i6e0nd5CPcrh7+YwGq4bKvju5YB9sgoAip+mXU73aMM=
cloud.google.com/go/advisorynotifications v1.9.0 h1:nCmYWH/0Cv48gtDrNTIHNdLWVi+GwWihhXCSuff+Ac0=
cloud.google.com/go/advisorynotifications v1.9.0/go.mod h1:Jo1KMjL6BdLxNwXFJkIAKylPMC3J+qpVQsqp7/LJ8xc=
cloud.google.com/go/aiplatform v1.120.0 h1:jKWTpEs+xoUhDa1FMdSuhMcEQYyUiMdufGyX3zvtLVQ=
cloud.google.com/go/aiplatform v1.120.0/go.mod h1:6mDthfmy0oS1EQhVFdijoxkVdI2+HIZkpuGTBpedeCg=
cloud.google.com/go/alloydb v1.25.0 h1:CttfKGuGL9JzzqLH53bLPJLDV1dJevDbc1InplZvn2M=
cloud.google.com/go/alloydb v1.25.0/go.mod h1:oqHGc/Xb5fWtH+wIDpu2wcPJX9oML/fGJuH/sp8ysyo=
cloud.google.com/go/apigateway v1.7.7 h1:ehKUTy+QFsb3n07fEi18S2dpDDjCV4UlRyrbwfZV3Zk=
cloud.google.com/go/apigateway v1.7.7/go.mod h1:j1bCmrUK1BzVHpiIyTApxB7cRyhivKzltqLmp6j6i7U=
cloud.google.com/go/apigeeconnect v1.7.7 h1:S6s2zojwMymx0fyZYKm0eK1TdDxrriIBAlNVvRAOzug=
cloud.google.com/go/apigeeconnect v1.7.7/go.mod h1:ftGK3nca0JePiVLl0A6alaMjKdOc5C+sAkFMyH2RH8U=
cloud.google.com/go/apihub v0.6.0 h1:uoGooT+7V1VnU6cQKJ19/TRd8y0d0JWN+VF7YlyWXr8=
cloud.google.com/go/apihub v0.6.0/go.mod h1:N/TqF2Hzd5prWOdS2W/3/6u3RfQZudfwFgJbao+viws=
cloud.google.com/go/apiregistry v0.6.0 h1:eH4wRbzgNE2oLHJx1JAkYqAZFkh2LIzhAeTZF4rMG1w=
cloud.google.com/go/apiregistry v0.6.0/go.mod h1:WkxndwaQBxjH10zQ8iyjdKz6hlUg/PTwuldOso6Q5go=
cloud.google.com/go/apphub v0.8.0 h1:CCtHqpQpPGKj5ieSOCmS3oO3VRZcMtqzSGR+Vdu7/zU=
cloud.google.com/go/apphub v0.8.0/go.mod h1:C2UQeLn9i+vjcS3eR5fFFbGqsy3r4p+sAdYuQzH4yGc=
cloud.google.com/go/asset v1.22.1 h1:wimPPWu5gjBkPY1576vr+YxfoLKVhAK9zM2XrEpdKQ4=
cloud.google.com/go/asset v1.22.1/go.mod h1:NlvWwmca7CX6BIBEdRNxOocH6DowmBghAAHucOHuHng=
cloud.google.com/go/assuredworkloads v1.13.0 h1:NQXyyGLksPmiapE1Oc64a3cMwYIBAoDBg6cWR+B3eaY=
cloud.google.com/go/assuredworkloads v1.13.0/go.mod h1:o/oHEOnUlribR+uJWTKQo8A5RhSl9K9FNeMOew4TJ3M=
cloud.google.com/go/auditmanager v0.6.0 h1:fm3cuLks4N/2QBXeY00m7OA7AOZhTsshVe7YIOmFYwE=
cloud.google.com/go/auditmanager v0.6.0/go.mod h1:K5J3wrYTJdCTfxc94gpbfE4YRCu9nULFd9BUaAyYthM=
cloud.google.com/go/auth v0.20.0 h1:kXTssoVb4azsVDoUiF8KvxAqrsQcQtB53DcSgta74CA=
cloud.google.com/go/auth v0.20.0/go.mod h1:942/yi/itH1SsmpyrbnTMDgGfdy2BUqIKyd0cyYLc5Q=
cloud.google.com/go/auth/oauth2adapt v0.2.8 h1:keo8NaayQZ6wimpNSmW5OPc283g65QNIiLpZnkHRbnc=
cloud.google.com/go/auth/oauth2adapt v0.2.8/go.mod h1:XQ9y31RkqZCcwJWNSx2Xvric3RrU88hAYYbjDWYDL+c=
cloud.google.com/go/backupdr v1.13.0 h1:wQ/lBv2I4DBcZLfZtgJfwzxyYERu/4fookh3JrrpvQA=
cloud.google.com/go/backupdr v1.13.0/go.mod h1:t7n6ydJsZmweIrxBF90jOYwbLQI6can3nP2+SBNi9J8=
cloud.google.com/go/baremetalsolution v1.4.0 h1:g67fjVdrNCHZl8jDWdZvo+6zGTTMMuvNWO7HSgG8lnI=
cloud.google.com/go/baremetalsolution v1.4.0/go.mod h1:K6C6g4aS8LW95I0fEHZiBsBlh0UxwDLGf+S/vyfXbvg=
cloud.google.com/go/beyondcorp v1.2.0 h1:mre997ya7QHFWSU+O5cT/FhBKTMy6Riqf1EXFxN46zw=
cloud.google.com/go/beyondcorp v1.2.0/go.mod h1:sszcgxpPPBEfLzbI0aYCTg6tT1tyt3CmKav3NZIUcvI=
cloud.google.com/go/bigquery v1.74.0 h1:Q6bAMv+eyvufOpIrfrYxhM46qq1D3ZQTdgUDQqKS+n8=
cloud.google.com/go/bigquery v1.74.0/go.mod h1:iViO7Cx3A/cRKcHNRsHB3yqGAMInFBswrE9Pxazsc90=
cloud.google.com/go/billing v1.21.0 h1:nbQjTXkpgB/E4XnYZQwcZnR63QFsbFwJ9DGsNg61Ghg=
cloud.google.com/go/billing v1.21.0/go.mod h1:ZGairB3EVnb3i09E2SxFxo50p5unPaMTuo1jh6jW9js=
cloud.google.com/go/binaryauthorization v1.10.0 h1:YYK0BwiZv9uA6z+Ict908AykX4OBfDECMTE476OnS3A=
cloud.google.com/go/binaryauthorization v1.10.0/go.mod h1:WOuiaQkI4PU/okwrcREjSAr2AUtjQgVe+PlrXKOmKKw=
cloud.google.com/go/certificatemanager v1.9.6 h1:v5X8X+THKrS9OFZb6k0GRDP1WQxLXTdMko7OInBliw4=
cloud.google.com/go/certificatemanager v1.9.6/go.mod h1:vWogV874jKZkSRDFCMM3r7wqybv8WXs3XhyNff6o/Zo=
cloud.google.com/go/ces v0.8.0 h1:R+xXj62TdrYijFHPvkM4aF1RT5cfl6mcJL54C9XppyE=
cloud.google.com/go/ces v0.8.0/go.mod h1:8mVTdlYgKcVhV6H341zFHQSw0IyTrIuvUtPEvknvHLo=
cloud.google.com/go/chronicle v0.6.0 h1:JZVofnqyUEHRGuWJQN+aLGZGUzRsBtO+oPk1Uddvx3Y=
cloud.google.com/go/chronicle v0.6.0/go.mod h1:TF1EewXZdMVGy4x7NUf6e5fLvIMSEfFMGF6z0oJtu1Y=
cloud.google.com/go/cloudcontrolspartner v1.9.0 h1:xfkW3fSB+cSv3bL175PbYgj+scZx17Xnig98q7a2Z1M=
cloud.google.com/go/cloudcontrolspartner v1.9.0/go.mod h1:TIYnh4PWFAlNxlyXkxrn9Vx/NZH6YwveS8hTG8Wszr8=
cloud.google.com/go/clouddms v1.8.8 h1:YWsmRXTyK6Ba0hm4qTBak5g1oLhryuM8rSBxHWC8iq4=
cloud.google.com/go/clouddms v1.8.8/go.mod h1:QtCyw+a73dlkDb2q20aTAPvfaTZCepDDi6Gb1AKq0a4=
cloud.google.com/go/cloudsecuritycompliance v0.5.0 h1:164+/z5ktaYdPVjcK/64BYyXDUiDHX1MYwJORnu/4SU=
cloud.google.com/go/cloudsecuritycompliance v0.5.0/go.mod h1:gxkuafvJ+IL5CQLSXRFGUZCkyZOmtd7vo4UHrnT79NM=
cloud.google.com/go/commerce v1.6.0 h1:lIN1Lwl96I8vFenT7/iGzu0N0ZOfxeAXC2D8RWBM05A=
cloud.google.com/go/commerce v1.6.0/go.mod h1:3Kt+DD2czR9hdB3I09GTaSOwGsbJ4c67LV9FTIbquds=
cloud.google.com/go/compute/metadata v0.9.0 h1:pDUj4QMoPejqq20dK0Pg2N4yG9zIkYGdBtwLoEkH9Zs=
cloud.google.com/go/compute/metadata v0.9.0/go.mod h1:E0bWwX5wTnLPedCKqk3pJmVgCBSM6qQI1yTBdEb3C10=
cloud.google.com/go/confidentialcomputing v1.15.0 h1:Ci3zjMlW6gcgKVvs6R25xq9s6Maq059/sYwlHak3V58=
cloud.google.com/go/confidentialcomputing v1.15.0/go.mod h1:jj1zat6PrFlPmAbFfIrDzkYYBaKnrYJvdUoZ3y2uXag=
cloud.google.com/go/config v1.10.0 h1:yKV5Ee+1sVRDs/jksnljdG7Q0le//5UWVjQeQ2DUYRk=
cloud.google.com/go/config v1.10.0/go.mod h1:Y9s/j+mqKMJAU3Q/expfkpXzJMPUn0YbpdQjIOJXbL0=
cloud.google.com/go/configdelivery v0.5.0 h1:8sOKpHr3fEKKDVG23YJAdavZHratRuDQ+MOb5N9ORJ8=
cloud.google.com/go/configdelivery v0.5.0/go.mod h1:cu0GhLCArXvDG8LDAXWFl5s1DEFjOdw78cS8zH2jy7M=
cloud.google.com/go/contactcenterinsights v1.17.4 h1:wA4j99BhsoeYlLx6xEIqrNN1aOTtUme0wimHZegg80s=
cloud.google.com/go/contactcenterinsights v1.17.4/go.mod h1:kZe6yOnKDfpPz2GphDHynxk/Spx+53UX/pGf+SmWAKM=
cloud.google.com/go/datacatalog v1.30.0 h1:pqUd8jOITsa+zQ85j2Uij7WuD3T5nVQ/PdH+tg2VdGE=
cloud.google.com/go/datacatalog v1.30.0/go.mod h1:MP8V3kNuESnwMk4mB6zdWmw/4KQ5xZ8dyUNVsggqN5I=
cloud.google.com/go/dataform v0.13.0 h1:z4nzTOqGSkJ5ePyJLQiUDTBsPHdokzvNNDhGebGQEUM=
cloud.google.com/go/dataform v0.13.0/go.mod h1:U3fqrPY5jAcFh1a8rQb4a+PQ7zKlc5qfgotFZ+luKPo=
cloud.google.com/go/datafusion v1.8.7 h1:tLCV+xYuOrSjdrRTkc9Cqsb5mBSQEsNfFmuTNYl5/rA=
cloud.google.com/go/datafusion v1.8.7/go.mod h1:4dkFb1la41qCEXh1AzYtFwl842bu2ikTUXyKhjvFCb0=
cloud.google.com/go/dataplex v1.28.0 h1:rROI3iqMVI9nXT701ULoFRETQVAOAPC3mPSWFDxXFl0=
cloud.google.com/go/dataplex v1.28.0/go.mod h1:VB+xlYJiJ5kreonXsa2cHPj0A3CfPh/mgiHG4JFhbUA=
cloud.google.com/go/dataproc v1.12.0 h1:W47qHL3W4BPkAIbk4SWmIERwsWBaNnWm0P2sdx3YgGU=
cloud.google.com/go/dataproc v1.12.0/go.mod h1:zrF3aX0uV3ikkMz6z4uBbIKyhRITnxvr4i3IjKsKrw4=
cloud.google.com/go/datastream v1.15.1 h1:7PKeDpksi8nbOR4gspmNokzsr0q/uRzDIt20bR3BtRs=
cloud.google.com/go/datastream v1.15.1/go.mod h1:aV1Grr9LFon0YvqryE5/gF1XAhcau2uxN2OvQJPpqRw=
cloud.google.com/go/deploy v1.27.3 h1:QU8gLXsXDRqLyEWNrI6zJiVzuuOBX/WpMi4p0oexV+c=
cloud.google.com/go/deploy v1.27.3/go.mod h1:7LFIYYTSSdljYRqY3n+JSmIFdD4lv6aMD5xg0crB5iw=
cloud.google.com/go/developerconnect v0.9.0 h1:CEuaA7LmSjac3mm1bXitTD5rGv/N6c8gRU+qvpzDJEs=
cloud.google.com/go/developerconnect v0.9.0/go.mod h1:WtgOPTobL0SmREYB71bteaW8YyTWL5ZgwqjqG9+EFes=
cloud.google.com/go/devicestreaming v0.5.0 h1:fNOVW5sExgJBETOBVa2P4YK5d9O4WjAt3MPQiCqwP18=
cloud.google.com/go/devicestreaming v0.5.0/go.mod h1:9qJYACHii1+4yiv9TewXrFpsX4jc77ZAqcEuapi7lJ4=
cloud.google.com/go/dialogflow v1.76.0 h1:hP9GY9TSVlZ277IGCPQjem9RW1PDtfYJw98DkRGt+t4=
cloud.google.com/go/dialogflow v1.76.0/go.mod h1:mdLkMmSCghfcP85X9dFBlirC1OssS65KE5hrrSz2GXY=
cloud.google.com/go/discoveryengine v1.28.0 h1:KXC/WLPKECFfea531SKqFEnRZRpyPm5DmyU6QDOGAUM=
cloud.google.com/go/discoveryengine v1.28.0/go.mod h1:NopDUNMo4elujicT4OuJXySgBbkpbCx7B5LHfLkZLdQ=
cloud.google.com/go/documentai v1.42.0 h1:FErf7mEjf3TBGiwcXQCsLrQ3mUqryTKa09NiO1L8Y90=
cloud.google.com/go/documentai v1.42.0/go.mod h1:CABOUzRNOuvb/QwJS2LS80Hpqbu3UW2afyRKTYuW7bo=
cloud.google.com/go/edgecontainer v1.4.4 h1:6KTQo6Qf0iEtfPVotlG7orazEO1I93Ham0PMlkHYpdQ=
cloud.google.com/go/edgecontainer v1.4.4/go.mod h1:yyNVHsCKtsX/0mqFdbljQw0Uo660q2dlMPaiqYiC2Tg=
cloud.google.com/go/edgenetwork v1.7.0 h1:4+hbqJu7cIkUe6Us9IFKFfBHZWuCw7En64c69f3d6do=
cloud.google.com/go/edgenetwork v1.7.0/go.mod h1:KRH/rJAmkj/dTZj9xxuhp2NFFdN9CkgRrCk4diTEqrQ=
cloud.google.com/go/essentialcontacts v1.7.7 h1:v9sO4IHFuwplaOuDnEXZFtfOrjw2bi11TSIVp5PnAU4=
cloud.google.com/go/essentialcontacts v1.7.7/go.mod h1:ytycWAEn/aKUMRKQPMVgMrAtphEMgjbzL8vFwM3tqXs=
cloud.google.com/go/eventarc v1.18.0 h1:8WWG1/ogInYur1NQjML6EMHQ0ZBzAdMDGlUVpLD56cI=
cloud.google.com/go/eventarc v1.18.0/go.mod h1:/6SDoqh5+9QNUqCX4/oQcJVK16fG/snHBSXu7lrJtO8=
cloud.google.com/go/filestore v1.10.3 h1:3KZifUVTqGhNNv6MLeONYth1HjlVM4vDhaH+xrdPljU=
cloud.google.com/go/filestore v1.10.3/go.mod h1:94ZGyLTx9j+aWKozPQ6Wbq1DuImie/L/HIdGMshtwac=
cloud.google.com/go/financialservices v0.5.0 h1:fOOa1SNQUYlnGJWhjJ9cjbgkusFltpcUgGQi5jXIYBU=
cloud.google.com/go/financialservices v0.5.0/go.mod h1:L6Wdu38EoryneS45iwjpXPdafRWSQAVPkB7n18Rd1zY=
cloud.google.com/go/functions v1.19.7 h1:7LcOD18euIVGRUPaeCmgO6vfWSLNIsi6STWRQcdANG8=
cloud.google.com/go/functions v1.19.7/go.mod h1:xbcKfS7GoIcaXr2FSwmtn9NXal1JR4TV6iYZlgXffwA=
cloud.google.com/go/gkebackup v1.8.1 h1:gUgI3lZJYALZsHXE7YJOKI8bMpoAX/tF6jnNugvzT1g=
cloud.google.com/go/gkebackup v1.8.1/go.mod h1:GAaAl+O5D9uISH5MnClUop2esQW4pDa2qe/95A4l7YQ=
cloud.google.com/go/gkemulticloud v1.6.0 h1:m0FX9o7t7xVmSZhqzm/m8nEZn8LnC5Kh60Wg4Yx1lyQ=
cloud.google.com/go/gkemulticloud v1.6.0/go.mod h1:bGpd4o/Z5Z/XFlaojkgdVisHRwb+fLJvUPzsmV0I9ok=
cloud.google.com/go/gsuiteaddons v1.7.8 h1:Dayrv57XW8kZIvmQjAc89Tp7Kr3O9Am/hf6pXkTjYFY=
cloud.google.com/go/gsuiteaddons v1.7.8/go.mod h1:DBKNHH4YXAdd/rd6zVvtOGAJNGo0ekOh+nIjTUDEJ5U=
cloud.google.com/go/hypercomputecluster v0.6.0 h1:DuLbmvOY1eLOXLOFPM+uoAscS/Nm/ZtPheshdOUrqug=
cloud.google.com/go/hypercomputecluster v0.6.0/go.mod h1:wElU8LMiWWGM+h2PwILccprDhk/1PTQS/WU3APw6uU8=
cloud.google.com/go/iam v1.7.0 h1:JD3zh0C6LHl16aCn5Akff0+GELdp1+4hmh6ndoFLl8U=
cloud.google.com/go/iam v1.7.0/go.mod h1:tetWZW1PD/m6vcuY2Zj/aU0eCHNPuxedbnbRTyKXvdY=
cloud.google.com/go/iap v1.11.3 h1:Nheb77nO0/pECm/thoE3wHVAbkQSI+G8KBWviqBepiA=
cloud.google.com/go/iap v1.11.3/go.mod h1:+gXO0ClH62k2LVlfhHzrpiHQNyINlEVmGAE3+DB4ShU=
cloud.google.com/go/ids v1.5.7 h1:V0pSk+KKW+5/AVpeQMhM9D1VI7aMZkayj5jddNETJos=
cloud.google.com/go/ids v1.5.7/go.mod h1:N3ZQOIgIBwwOu2tzyhmh3JDT+kt8PcoKkn2BRT9Qe4A=
cloud.google.com/go/iot v1.8.7 h1:PDUtxCzlFwFHODEFAgaGJy/Zv4tdvLbZ+lvZ1mKQXE4=
cloud.google.com/go/iot v1.8.7/go.mod h1:HvVcypV8LPv1yTXSLCNK+YCtqGHhq+p0F3BXETfpN+U=
cloud.google.com/go/kms v1.26.0 h1:cK9mN2cf+9V63D3H1f6koxTatWy39aTI/hCjz1I+adU=
cloud.google.com/go/kms v1.26.0/go.mod h1:pHKOdFJm63hxBsiPkYtowZPltu9dW0MWvBa6IA4HM58=
cloud.google.com/go/licensemanager v0.5.0 h1:tbFRMdovkxFBnBgBKXuXdclHpm4cVyVOW1269Z0mjdY=
cloud.google.com/go/licensemanager v0.5.0/go.mod h1:KDmXKRsXLDbJnRBzsxlTL3BVW7Awt09BSsC3g+rBR2Q=
cloud.google.com/go/locationfinder v0.5.0 h1:s/uyBs8lrcq0PKOlKg9bIMqJccHZqKS26n0L9tQ7Yks=
cloud.google.com/go/locationfinder v0.5.0/go.mod h1:HZlNIENseMAvzOpzsmTjfY4wieMl0mRUK/QerviXh04=
cloud.google.com/go/longrunning v0.9.0 h1:0EzbDEGsAvOZNbqXopgniY0w0a1phvu5IdUFq8grmqY=
cloud.google.com/go/longrunning v0.9.0/go.mod h1:pkTz846W7bF4o2SzdWJ40Hu0Re+UoNT6Q5t+igIcb8E=
cloud.google.com/go/lustre v0.6.0 h1:MrEajgj4qomhgtnq0D7Ra0KLVbV1lxkjSA0MagQjCEI=
cloud.google.com/go/lustre v0.6.0/go.mod h1:8QuwOGjz2vzPSR8ZOUTO3YxKLX8VOrXCjsC0saSt3e0=
cloud.google.com/go/maintenance v0.7.0 h1:P6NiwxciwGnY6CXoTBAi05viDd6NNeuKm7BSA8IN3pw=
cloud.google.com/go/maintenance v0.7.0/go.mod h1:XRBpXKVFVCXYtbH125reIUO5L6Da/9hyKExk9uI9ubE=
cloud.google.com/go/managedidentities v1.7.7 h1:vC/q7D+97PZfb0UNf7r/+/clHauuaf1PqWwP7neuaeg=
cloud.google.com/go/managedidentities v1.7.7/go.mod h1:nwNlMxtBo2YJMvsKXRtAD1bL41qiCI9npS7cbqrsJUs=
cloud.google.com/go/managedkafka v0.12.0 h1:mOCK8aI23PHHhgzzXj+dQH6oKv2oVBMNPCDppdbDqaQ=
cloud.google.com/go/managedkafka v0.12.0/go.mod h1:Phh9R6RQhGCNq36Uifsi+HHFIOlRFUE8Z3Xl2fYelBo=
cloud.google.com/go/memcache v1.11.7 h1:ZDIfIMZsKKPzwdbvTMOL1il0shX24J7B9DC+sEt4Yj4=
cloud.google.com/go/memcache v1.11.7/go.mod h1:AU1jYlUqCihxapcJ1GGMtlMWDVhzjbfUWBXqsXa4rBg=
cloud.google.com/go/memorystore v0.8.0 h1:Fvhad4yEKXCxnS5PNo91kH2YudehDz91TbJxPEnIcMg=
cloud.google.com/go/memorystore v0.8.0/go.mod h1:fgbTd26uERz7dvH5KklyXU9/pcNdMtjNKfEZZ6slRLA=
cloud.google.com/go/metastore v1.14.8 h1:nfyUDD9AeKIs6btY5buQ1No0OVco20WpX9wIruL8UOA=
cloud.google.com/go/metastore v1.14.8/go.mod h1:h1XI2LpD4ohJhQYn9TwXqKb5sVt6KSo47ft96SiFF1s=
cloud.google.com/go/migrationcenter v1.5.0 h1:cXYw54Cs3vrE1PeUA3DyxqK461vDL4lPNQ9vOKiq8Uk=
cloud.google.com/go/migrationcenter v1.5.0/go.mod h1:SX0CSZzEO8zP/h7ceIYLTjcpLPTq0ZGPsSe4GeJSAM8=
cloud.google.com/go/modelarmor v0.10.0 h1:SNM7m7QZGPG/0Z5E6253VlJbP5zZ66SF/3LGEKPXoF0=
cloud.google.com/go/modelarmor v0.10.0/go.mod h1:nrgM9UlxJvFE5NcE6NN/OJ8vI1LuJih27Hg8wq38mGQ=
cloud.google.com/go/netapp v1.16.0 h1:fE/Jhz2JJa683b7wQaM1gIu+LGiqUn8r7BjDxpgWhxA=
cloud.google.com/go/netapp v1.16.0/go.mod h1:YYZVJtytmtfdGbbTnJTr+NBEc/IOwvK0S34IPdtxGdE=
cloud.google.com/go/networkconnectivity v1.21.0 h1:WS5XTNWyLODLO5YmftQmDIZtAa2DYYmRf/neRCLIWHA=
cloud.google.com/go/networkconnectivity v1.21.0/go.mod h1:XC1UJ+tqBsLWz73dqrMc7kUvdTv0FIxtDGv6YntTBO0=
cloud.google.com/go/networkmanagement v1.23.0 h1:PiteUY9H2u+wMgT1dQjD93PKI90o10RgL8+OhUov970=
cloud.google.com/go/networkmanagement v1.23.0/go.mod h1:QTYCWp5UxUnU280SqF7AX/mf6NhsqKblmLeCALQmx5c=
cloud.google.com/go/networkservices v0.10.0 h1:+eBWewb7Yw2U2tUCBWGCmTi42QehtdxzUpyGr8KiucE=
cloud.google.com/go/networkservices v0.10.0/go.mod h1:caJ8mKkxP75JxAr0ymXy6EWm4oXFrESnDZ6h7vsm2ZI=
cloud.google.com/go/notebooks v1.12.7 h1:g5LTI1LHa/86abDTWd8nrq7/4qq8oFhVx1SmnNpZLVg=
cloud.google.com/go/notebooks v1.12.7/go.mod h1:uR9pxAkKmlNloibMr9Q1t8WhIu4P2JeqJs7c064/0Mo=
cloud.google.com/go/optimization v1.7.7 h1:dMtxINB6G7wULbdm8nZ/x1NMa579Q+GfJc5gaN8VeDw=
cloud.google.com/go/optimization v1.7.7/go.mod h1:OY2IAlX23o52qwMAZ0w65wibKuV12a4x6IHDTCq6kcU=
cloud.google.com/go/oracledatabase v0.10.0 h1:OHFbcFs665kYad0mbe0GmcRjFrxiDzQKQQVbCtZ7h78=
cloud.google.com/go/oracledatabase v0.10.0/go.mod h1:YP5450wG6Vf8NjU+vfXkzivC2DiN8ldg4QIa6qmRCgE=
cloud.google.com/go/orchestration v1.11.10 h1:TVWDiZyvcflLFeTQH2GexHmtJ6iUSjzr0zsSiT338dA=
cloud.google.com/go/orchestration v1.11.10/go.mod h1:tz7m1s4wNEvhNNIM3JOMH0lYxBssu9+7si5MCPw/4/0=
cloud.google.com/go/orgpolicy v1.16.0 h1:MdF2ebs6H4CoxgrtPQ7XDvE1ACIeSQDY2a1/QwVgqvA=
cloud.google.com/go/orgpolicy v1.16.0/go.mod h1:l88jhhDM/KYN0FJF87m5Gub1qcOFkN94efA2uhy+U0s=
cloud.google.com/go/osconfig v1.16.0 h1:0L635e0OSdWylzE/v40Riko6p142PVmWL8Rt+9fbPO4=
cloud.google.com/go/osconfig v1.16.0/go.mod h1:PRmLgZ1loD1hGaqnTBww1nETbqcqAvmTQOLYiIZ7Nvk=
cloud.google.com/go/oslogin v1.14.7 h1:YQ8P/+MLwH0tpENYU9QOgwKQxe8DYfAKxIfm6y+OBtA=
cloud.google.com/go/oslogin v1.14.7/go.mod h1:NB6NqBHfDMwznePdBVX+ILllc1oPCdNSGp5u/WIyndY=
cloud.google.com/go/parallelstore v0.16.0 h1:xpvzBGucSRyAzUqyyghpoagffDRqvPJIBM+2cyOMyvY=
cloud.google.com/go/parallelstore v0.16.0/go.mod h1:TlFcM6p5dC+IbKCNyyRIMjGjT+iqkhfvz76OEE9rZG8=
cloud.google.com/go/parametermanager v0.7.0 h1:rHL1B2UTBR1+fQMMXV8lKNLH8dwocawzU1TMxf9b0cI=
cloud.google.com/go/parametermanager v0.7.0/go.mod h1:clXFvx5xz+/J/KfIZBF2BmT4uJxkUvs7R5NolOgG6Qw=
cloud.google.com/go/policysimulator v0.8.0 h1:lvLWcUNmJSmE5gVok4tEoxnkkw6ns/J29Efvdj9CEWU=
cloud.google.com/go/policysimulator v0.8.0/go.mod h1:Kut6AdyfeOi4vFkXYqB1eigLX7L0A9EnYev4f1eqlNg=
cloud.google.com/go/privilegedaccessmanager v0.7.0 h1:hj13TczwphDLpONm3Tg4XCM9t5pKgscJ9K1sJ0OmC2E=
cloud.google.com/go/privilegedaccessmanager v0.7.0/go.mod h1:tcFRJAnNd+6W/FoD0s9PhY7pY5PIVVYOynCDEIrU3m8=
cloud.google.com/go/pubsublite v1.8.2 h1:jLQozsEVr+c6tOU13vDugtnaBSUy/PD5zK6mhm+uF1Y=
cloud.google.com/go/pubsublite v1.8.2/go.mod h1:4r8GSa9NznExjuLPEJlF1VjOPOpgf3IT6k8x/YgaOPI=
cloud.google.com/go/rapidmigrationassessment v1.5.0 h1:exyAWCvUAwuSCSuNOGGdVjn8VzYFoq2//NG7wqbltD0=
cloud.google.com/go/rapidmigrationassessment v1.5.0/go.mod h1:jRP/3UKme01JvGpMIE0mpXCUSyPGhiVfT23Yh4e6GU0=
cloud.google.com/go/recommender v1.13.6 h1:ZVZg4wr1G7yzjIPcYUNSUJAaz9+2o78rmBU4QJgC7kg=
cloud.google.com/go/recommender v1.13.6/go.mod h1:y5/5womtdOaIM3xx+76vbsiA+8EBTIVfWnxHDFHBGJM=
cloud.google.com/go/redis v1.18.3 h1:6LI8zSt+vmE3WQ7hE5GsJ13CbJBLV1qUw6B7CY31Wcw=
cloud.google.com/go/redis v1.18.3/go.mod h1:x8HtXZbvMBDNT6hMHaQ022Pos5d7SP7YsUH8fCJ2Wm4=
cloud.google.com/go/resourcemanager v1.10.7 h1:oPZKIdjyVTuag+D4HF7HO0mnSqcqgjcuA18xblwA0V0=
cloud.google.com/go/resourcemanager v1.10.7/go.mod h1:rScGkr6j2eFwxAjctvOP/8sqnEpDbQ9r5CKwKfomqjs=
cloud.google.com/go/retail v1.26.0 h1:yOoyJs/IlLmohXzgDgF9N8xQYbJKIKtCw4oGAoYZpNY=
cloud.google.com/go/retail v1.26.0/go.mod h1:gMfh6s174Mvy1rK4g50J9TH5sRim8px+Krml25kdrqo=
cloud.google.com/go/run v1.15.0 h1:4cwyNv9SUQEsQOf5/DfPKyMWYSA52p38/o119BgMhO4=
cloud.google.com/go/run v1.15.0/go.mod h1:rgFHMdAopLl++57vzeqA+a1o2x0/ILZnEacRD6nC0EA=
cloud.google.com/go/scheduler v1.11.8 h1:BoXY2BvBsaRw3ggVMzC9tborZqJBu+NcJcD9PqeC5Kc=
cloud.google.com/go/scheduler v1.11.8/go.mod h1:bNKU7/f04eoM6iKQpwVLvFNBgGyJNS87RiFN73mIPik=
cloud.google.com/go/secretmanager v1.20.0 h1:GjE3NoyFXo7ipRPy26PMmg4oRX1Ra8fswH45r16rWV0=
cloud.google.com/go/secretmanager v1.20.0/go.mod h1:9OmSuOeiiUicANglrbdKWSnT3gYkRcXuUQDk7dDW0zU=
cloud.google.com/go/securesourcemanager v1.8.0 h1:JtPfRTgBXNWv1eTE0QIZqGHEUVgzMLJLCSQYPUkCtpo=
cloud.google.com/go/securesourcemanager v1.8.0/go.mod h1:kyzfLwkN0FBj4AjQ46Lu3bPtdLcc+Sh7v/TuthjPV34=
cloud.google.com/go/security v1.23.0 h1:ZhBxHb+bzuR8fhMQaqadJVsOFnMjYfmU/LZWMO/YSNE=
cloud.google.com/go/security v1.23.0/go.mod h1:XaB3p0SE7v2bBitsLBb1hM6R8/oI/k/IujpXFJalFK0=
cloud.google.com/go/securitycenter v1.38.1 h1:D9zpeguY4frQU35GBw8+M6Gw79CiuTF9iVs4sFm3FDY=
cloud.google.com/go/securitycenter v1.38.1/go.mod h1:Ge2D/SlG2lP1FrQD7wXHy8qyeloRenvKXeB4e7zO6z0=
cloud.google.com/go/securitycentermanagement v1.5.0 h1:CdhpHylTMMecDtyYcrrcAAgibCEfOg0ybOySDG/ro10=
cloud.google.com/go/securitycentermanagement v1.5.0/go.mod h1:2vT5sKJSeclefx8yku77inS/bAyEiLH9n1CHpshtDMQ=
cloud.google.com/go/securityposture v0.6.0 h1:NMeYQ7RubpS9kB3MKZt1K3byJjlz+KzaPAMXGxp9leI=
cloud.google.com/go/securityposture v0.6.0/go.mod h1:bszcit9JhRyYHwx/v96D+Cmw2/LG1jzUtsTBfAsGIAI=
cloud.google.com/go/servicedirectory v1.12.7 h1:je2yZlVcVFI/TshPXjjF9ZAlWedj0s5EbO2kozJrzBo=
cloud.google.com/go/servicedirectory v1.12.7/go.mod h1:gOtN+qbuCMH6tj2dqlDY3qQL7w3V0+nkWaZElnJK8Ps=
cloud.google.com/go/servicehealth v1.6.0 h1:NLKG4vnHqk8fnzpEIoKNRqWCS52Qw7U7/Q4kZReRUOE=
cloud.google.com/go/servicehealth v1.6.0/go.mod h1:1fWCl3BnIozFeE/UiEFg9CsXSwMYcRzu85FPz8mIWVs=
cloud.google.com/go/shell v1.8.7 h1:K1C9sh9EuNNhGpyCoqRdeudcU9zmfYTA95bhF5cokK8=
cloud.google.com/go/shell v1.8.7/go.mod h1:OTke7qc3laNEW5Jr5OV9VR3IwU5x5VqGOE6705zFex4=
cloud.google.com/go/speech v1.30.0 h1:R+KGIbRMrj8jA4U6Qea8hqCMsAEdg576ShNsmRr4gcQ=
cloud.google.com/go/speech v1.30.0/go.mod h1:F2+NJujR8uzDLd6bwy5kgtVycxvEq06nzvzz5eQ/gMo=
cloud.google.com/go/storagebatchoperations v0.8.0 h1:M12WZZ3mKeSQAF86Tv1sW/Sx7htXHhzpivPF+4WMGwk=
cloud.google.com/go/storagebatchoperations v0.8.0/go.mod h1:qouudSKgHUmzI3GG8oYGpOmj5v+67It8NjfFrVjcpng=
cloud.google.com/go/storageinsights v1.6.0 h1:6FSEqT8Iu+AQ1V0kY3X2Br4VvSzdAbnlFCaRRQq5tXA=
cloud.google.com/go/storageinsights v1.6.0/go.mod h1:txLRbnfGYfgNsj8Esv9wRVpgwIt9rqyWQCTFC2zPQZg=
cloud.google.com/go/support v1.9.0 h1:RJ73TNbF70UWd0KZjPq0+8WhMUDunWSTS1EWN58Z688=
cloud.google.com/go/support v1.9.0/go.mod h1:7P/Ydab5ApxzR0/H58VBJPh7gFUilChq9xrPBp1E/wQ=
cloud.google.com/go/talent v1.8.4 h1:1kJJ+WCY5LZ1A4rCa32zKh3N2xT3I8koiS63+vV0WC4=
cloud.google.com/go/talent v1.8.4/go.mod h1:3yukBXUTVFNyKcJpUExW/k5gqEy8qW6OCNj7WdN0MWo=
cloud.google.com/go/telcoautomation v1.5.0 h1:OkmpzboFdpeyTM97UHkv98/snl//0taw3kquF7xXKZw=
cloud.google.com/go/telcoautomation v1.5.0/go.mod h1:Wab7PwXk5XZNPLU/APHgMACeqxzK47TKtUAeyqOCrQE=
cloud.google.com/go/texttospeech v1.16.0 h1:Ra4w+6qmaeb12ozlPBqGw8Jzdge1yfzhvZgcXWdXw30=
cloud.google.com/go/texttospeech v1.16.0/go.mod h1:AeSkoH3ziPvapsuyI07TWY4oGxluAjntX+pF4PJ2jy0=
cloud.google.com/go/vectorsearch v0.10.0 h1:uEybhlklsKrCnBxGSCrwO1TMuC8WEGGxy0Qm8dzfczc=
cloud.google.com/go/vectorsearch v0.10.0/go.mod h1:WyMuMYnJDpFzEu7UIgNZ1Ku44sq4EVUxcjzGQfZ/pTo=
cloud.google.com/go/video v1.27.1 h1:Hp+2AeM7b3AagdHcyh2820UTzSbGyqpFJVMu0nHbBcw=
cloud.google.com/go/video v1.27.1/go.mod h1:xzfAC77B4vtnbi/TT3UUxEjCa/+Ehy5EA8w470ytOig=
cloud.google.com/go/videointelligence v1.12.7 h1:FisUrSZ+y3oLuGdlFQQgZoNTDm7FAfb2hwSTsSqX+9g=
cloud.google.com/go/videointelligence v1.12.7/go.mod h1:XAk5hCMY+GihxJ55jNoMdwdXSNZnCl3wGs2+94gK7MA=
cloud.google.com/go/visionai v0.9.0 h1:miIqFmQdM4wZOQRdvhdxL7mt06IjUyvv8yAPq+Lu6Lo=
cloud.google.com/go/visionai v0.9.0/go.mod h1:IVXVN8W7vemda/zRhYur3gegyFmhfgyzacxxo+S77vY=
cloud.google.com/go/vmmigration v1.10.0 h1:6AvttGxASQTiuIsNKUKOKsRiQG4qTMOY4KMyBhdZa1w=
cloud.google.com/go/vmmigration v1.10.0/go.mod h1:LDztCWEb+RwS1bPg4Xzt0fcJS9kVrFxa3ejhH7OW9vg=
cloud.google.com/go/vmwareengine v1.3.6 h1:TKvULKbk44QrIx674cnoVjcZueXhyCAm2sNAJu/S1ds=
cloud.google.com/go/vmwareengine v1.3.6/go.mod h1:ps0rb+Skgpt9ppHYC0o5DqtJ5ld2FyS8sAqtbHH8t9s=
cloud.google.com/go/vpcaccess v1.8.7 h1:K6siDR1T4HgSTv6sy6CAwupY7UGza6TQ1O8jtvEYoX4=
cloud.google.com/go/vpcaccess v1.8.7/go.mod h1:9RYw5bVvk4Z51Rc8vwXT63yjEiMD/l7XyEaDyrNHgmk=
cloud.google.com/go/webrisk v1.11.2 h1:q6zEdVgD8Ka+4fQl3azDcSNRug8clNnQ9iVS2iLh+MM=
cloud.google.com/go/webrisk v1.11.2/go.mod h1:yH44GeXz5iz4HFsIlGeoVvnjwnmfbni7Lwj1SelV4f0=
cloud.google.com/go/workflows v1.14.3 h1:FGF6QEl3rtOSIHPOMZofWRVy3KNx26jDdgoYzJZ6ZhY=
cloud.google.com/go/workflows v1.14.3/go.mod h1:CC9+YdVI2Kvp0L58WajHpEfKJxhrtRh3uQ0SYWcmAk4=
cloud.google.com/go/workloadmanager v0.5.0 h1:N3WZe7Frr86IQS8P/3Ktq35hz57FYWFn+Y3cEH6Yu48=
cloud.google.com/go/workloadmanager v0.5.0/go.mod h1:1IeXVJSunlxcW/XsK9ARJ5JZ0nOmOTayNRoC9x2u+qs=
cloud.google.com/go/workstations v1.5.0 h1:VXmWH4QF9wrZXcGSF5Vaaa2Bg7RinDMlrSYCo5dZRlw=
cloud.google.com/go/workstations v1.5.0/go.mod h1:2bqgE6km+Yzce7hqp/IHSkm6Sg/8F/Tcss1Ogsl6+rk=
github.com/cespare/xxhash/v2 v2.3.0 h1:UL815xU9SqsFlibzuggzjXhog7bL6oX9BbNZnL2UFvs=
github.com/cespare/xxhash/v2 v2.3.0/go.mod h1:VGX0DQ3Q6kWi7AoAeZDth3/j3BFtOZR5XLFGgcrjCOs=
github.com/cncf/xds/go v0.0.0-20251210132809-ee656c7534f5 h1:6xNmx7iTtyBRev0+D/Tv1FZd4SCg8axKApyNyRsAt/w=
github.com/cncf/xds/go v0.0.0-20251210132809-ee656c7534f5/go.mod h1:KdCmV+x/BuvyMxRnYBlmVaq4OLiKW6iRQfvC62cvdkI=
github.com/davecgh/go-spew v1.1.1 h1:vj9j/u1bqnvCEfJOwUhtlOARqs3+rkHYY13jYWTU97c=
github.com/davecgh/go-spew v1.1.1/go.mod h1:J7Y8YcW2NihsgmVo/mv3lAwl/skON4iLHjSsI+c5H38=
github.com/envoyproxy/go-control-plane v0.14.0 h1:hbG2kr4RuFj222B6+7T83thSPqLjwBIfQawTkC++2HA=
github.com/envoyproxy/go-control-plane/envoy v1.36.0 h1:yg/JjO5E7ubRyKX3m07GF3reDNEnfOboJ0QySbH736g=
github.com/envoyproxy/go-control-plane/envoy v1.36.0/go.mod h1:ty89S1YCCVruQAm9OtKeEkQLTb+Lkz0k8v9W0Oxsv98=
github.com/envoyproxy/protoc-gen-validate v1.3.0 h1:TvGH1wof4H33rezVKWSpqKz5NXWg5VPuZ0uONDT6eb4=
github.com/envoyproxy/protoc-gen-validate v1.3.0/go.mod h1:HvYl7zwPa5mffgyeTUHA9zHIH36nmrm7oCbo4YKoSWA=
github.com/felixge/httpsnoop v1.0.4 h1:NFTV2Zj1bL4mc9sqWACXbQFVBBg2W3GPvqp8/ESS2Wg=
github.com/felixge/httpsnoop v1.0.4/go.mod h1:m8KPJKqk1gH5J9DgRY2ASl2lWCfGKXixSwevea8zH2U=
github.com/go-logr/logr v1.2.2/go.mod h1:jdQByPbusPIv2/zmleS9BjJVeZ6kBagPoEUsqbVz/1A=
github.com/go-logr/logr v1.4.3 h1:CjnDlHq8ikf6E492q6eKboGOC0T8CDaOvkHCIg8idEI=
github.com/go-logr/logr v1.4.3/go.mod h1:9T104GzyrTigFIr8wt5mBrctHMim0Nb2HLGrmQ40KvY=
github.com/go-logr/stdr v1.2.2 h1:hSWxHoqTgW2S2qGc0LTAI563KZ5YKYRhT3MFKZMbjag=
github.com/go-logr/stdr v1.2.2/go.mod h1:mMo/vtBO5dYbehREoey6XUKy/eSumjCCveDpRre4VKE=
github.com/golang/protobuf v1.5.4 h1:i7eJL8qZTpSEXOPTxNKhASYpMn+8e5Q6AdndVa1dWek=
github.com/golang/protobuf v1.5.4/go.mod h1:lnTiLA8Wa4RWRcIUkrtSVa5nRhsEGBg48fD6rSs7xps=
github.com/google/go-cmp v0.7.0 h1:wk8382ETsv4JYUZwIsn6YpYiWiBsYLSJiTsyBybVuN8=
github.com/google/go-cmp v0.7.0/go.mod h1:pXiqmnSA92OHEEa9HXL2W4E7lf9JzCmGVUdgjX3N/iU=
github.com/google/s2a-go v0.1.9 h1:LGD7gtMgezd8a/Xak7mEWL0PjoTQFvpRudN895yqKW0=
github.com/google/s2a-go v0.1.9/go.mod h1:YA0Ei2ZQL3acow2O62kdp9UlnvMmU7kA6Eutn0dXayM=
github.com/google/uuid v1.6.0 h1:NIvaJDMOsjHA8n1jAhLSgzrAzy1Hgr+hNrb57e+94F0=
github.com/google/uuid v1.6.0/go.mod h1:TIyPZe4MgqvfeYDBFedMoGGpEw/LqOeaOT+nhxU+yHo=
github.com/googleapis/enterprise-certificate-proxy v0.3.15 h1:xolVQTEXusUcAA5UgtyRLjelpFFHWlPQ4XfWGc7MBas=
github.com/googleapis/enterprise-certificate-proxy v0.3.15/go.mod h1:vqVt9yG9480NtzREnTlmGSBmFrA+bzb0yl0TxoBQXOg=
github.com/googleapis/gax-go/v2 v2.22.0 h1:PjIWBpgGIVKGoCXuiCoP64altEJCj3/Ei+kSU5vlZD4=
github.com/googleapis/gax-go/v2 v2.22.0/go.mod h1:irWBbALSr0Sk3qlqb9SyJ1h68WjgeFuiOzI4Rqw5+aY=
github.com/planetscale/vtprotobuf v0.6.1-0.20240319094008-0393e58bdf10 h1:GFCKgmp0tecUJ0sJuv4pzYCqS9+RGSn52M3FUwPs+uo=
github.com/planetscale/vtprotobuf v0.6.1-0.20240319094008-0393e58bdf10/go.mod h1:t/avpk3KcrXxUnYOhZhMXJlSEyie6gQbtLq5NM3loB8=
github.com/pmezard/go-difflib v1.0.0 h1:4DBwDE0NGyQoBHbLQYPwSUPoCMWR5BEzIk/f1lZbAQM=
github.com/pmezard/go-difflib v1.0.0/go.mod h1:iKH77koFhYxTK1pcRnkKkqfTogsbg7gZNVY4sRDYZ/4=
github.com/stretchr/testify v1.11.1 h1:7s2iGBzp5EwR7/aIZr8ao5+dra3wiQyKjjFuvgVKu7U=
github.com/stretchr/testify v1.11.1/go.mod h1:wZwfW3scLgRK+23gO65QZefKpKQRnfz6sD981Nm4B6U=
github.com/urfave/cli/v3 v3.8.0 h1:XqKPrm0q4P0q5JpoclYoCAv0/MIvH/jZ2umzuf8pNTI=
github.com/urfave/cli/v3 v3.8.0/go.mod h1:ysVLtOEmg2tOy6PknnYVhDoouyC/6N42TMeoMzskhso=
go.opentelemetry.io/auto/sdk v1.2.1 h1:jXsnJ4Lmnqd11kwkBV2LgLoFMZKizbCi5fNZ/ipaZ64=
go.opentelemetry.io/auto/sdk v1.2.1/go.mod h1:KRTj+aOaElaLi+wW1kO/DZRXwkF4C5xPbEe3ZiIhN7Y=
go.opentelemetry.io/contrib/instrumentation/google.golang.org/grpc/otelgrpc v0.67.0 h1:yI1/OhfEPy7J9eoa6Sj051C7n5dvpj0QX8g4sRchg04=
go.opentelemetry.io/contrib/instrumentation/google.golang.org/grpc/otelgrpc v0.67.0/go.mod h1:NoUCKYWK+3ecatC4HjkRktREheMeEtrXoQxrqYFeHSc=
go.opentelemetry.io/contrib/instrumentation/net/http/otelhttp v0.67.0 h1:OyrsyzuttWTSur2qN/Lm0m2a8yqyIjUVBZcxFPuXq2o=
go.opentelemetry.io/contrib/instrumentation/net/http/otelhttp v0.67.0/go.mod h1:C2NGBr+kAB4bk3xtMXfZ94gqFDtg/GkI7e9zqGh5Beg=
go.opentelemetry.io/otel v1.43.0 h1:mYIM03dnh5zfN7HautFE4ieIig9amkNANT+xcVxAj9I=
go.opentelemetry.io/otel v1.43.0/go.mod h1:JuG+u74mvjvcm8vj8pI5XiHy1zDeoCS2LB1spIq7Ay0=
go.opentelemetry.io/otel/metric v1.43.0 h1:d7638QeInOnuwOONPp4JAOGfbCEpYb+K6DVWvdxGzgM=
go.opentelemetry.io/otel/metric v1.43.0/go.mod h1:RDnPtIxvqlgO8GRW18W6Z/4P462ldprJtfxHxyKd2PY=
go.opentelemetry.io/otel/sdk v1.43.0 h1:pi5mE86i5rTeLXqoF/hhiBtUNcrAGHLKQdhg4h4V9Dg=
go.opentelemetry.io/otel/sdk v1.43.0/go.mod h1:P+IkVU3iWukmiit/Yf9AWvpyRDlUeBaRg6Y+C58QHzg=
go.opentelemetry.io/otel/sdk/metric v1.43.0 h1:S88dyqXjJkuBNLeMcVPRFXpRw2fuwdvfCGLEo89fDkw=
go.opentelemetry.io/otel/sdk/metric v1.43.0/go.mod h1:C/RJtwSEJ5hzTiUz5pXF1kILHStzb9zFlIEe85bhj6A=
go.opentelemetry.io/otel/trace v1.43.0 h1:BkNrHpup+4k4w+ZZ86CZoHHEkohws8AY+WTX09nk+3A=
go.opentelemetry.io/otel/trace v1.43.0/go.mod h1:/QJhyVBUUswCphDVxq+8mld+AvhXZLhe+8WVFxiFff0=
golang.org/x/crypto v0.50.0 h1:zO47/JPrL6vsNkINmLoo/PH1gcxpls50DNogFvB5ZGI=
golang.org/x/crypto v0.50.0/go.mod h1:3muZ7vA7PBCE6xgPX7nkzzjiUq87kRItoJQM1Yo8S+Q=
golang.org/x/net v0.53.0 h1:d+qAbo5L0orcWAr0a9JweQpjXF19LMXJE8Ey7hwOdUA=
golang.org/x/net v0.53.0/go.mod h1:JvMuJH7rrdiCfbeHoo3fCQU24Lf5JJwT9W3sJFulfgs=
golang.org/x/oauth2 v0.36.0 h1:peZ/1z27fi9hUOFCAZaHyrpWG5lwe0RJEEEeH0ThlIs=
golang.org/x/oauth2 v0.36.0/go.mod h1:YDBUJMTkDnJS+A4BP4eZBjCqtokkg1hODuPjwiGPO7Q=
golang.org/x/sync v0.20.0 h1:e0PTpb7pjO8GAtTs2dQ6jYa5BWYlMuX047Dco/pItO4=
golang.org/x/sync v0.20.0/go.mod h1:9xrNwdLfx4jkKbNva9FpL6vEN7evnE43NNNJQ2LF3+0=
golang.org/x/sys v0.43.0 h1:Rlag2XtaFTxp19wS8MXlJwTvoh8ArU6ezoyFsMyCTNI=
golang.org/x/sys v0.43.0/go.mod h1:4GL1E5IUh+htKOUEOaiffhrAeqysfVGipDYzABqnCmw=
golang.org/x/text v0.36.0 h1:JfKh3XmcRPqZPKevfXVpI1wXPTqbkE5f7JA92a55Yxg=
golang.org/x/text v0.36.0/go.mod h1:NIdBknypM8iqVmPiuco0Dh6P5Jcdk8lJL0CUebqK164=
golang.org/x/time v0.15.0 h1:bbrp8t3bGUeFOx08pvsMYRTCVSMk89u4tKbNOZbp88U=
golang.org/x/time v0.15.0/go.mod h1:Y4YMaQmXwGQZoFaVFk4YpCt4FLQMYKZe9oeV/f4MSno=
gonum.org/v1/gonum v0.17.0 h1:VbpOemQlsSMrYmn7T2OUvQ4dqxQXU+ouZFQsZOx50z4=
gonum.org/v1/gonum v0.17.0/go.mod h1:El3tOrEuMpv2UdMrbNlKEh9vd86bmQ6vqIcDwxEOc1E=
google.golang.org/api v0.278.0 h1:W7jiRvRi53VYFfZ/HoZjQBtJk7gOFbHD8ot1RzVZU6E=
google.golang.org/api v0.278.0/go.mod h1:B9TqLBwJqVjp1mtt7WeoQwWRwvu/400y5lETOql+giQ=
google.golang.org/genproto v0.0.0-20260319201613-d00831a3d3e7 h1:XzmzkmB14QhVhgnawEVsOn6OFsnpyxNPRY9QV01dNB0=
google.golang.org/genproto v0.0.0-20260319201613-d00831a3d3e7/go.mod h1:L43LFes82YgSonw6iTXTxXUX1OlULt4AQtkik4ULL/I=
google.golang.org/genproto/googleapis/api v0.0.0-20260401024825-9d38bb4040a9 h1:VPWxll4HlMw1Vs/qXtN7BvhZqsS9cdAittCNvVENElA=
google.golang.org/genproto/googleapis/api v0.0.0-20260401024825-9d38bb4040a9/go.mod h1:7QBABkRtR8z+TEnmXTqIqwJLlzrZKVfAUm7tY3yGv0M=
google.golang.org/genproto/googleapis/rpc v0.0.0-20260427160629-7cedc36a6bc4 h1:tEkOQcXgF6dH1G+MVKZrfpYvozGrzb91k6ha7jireSM=
google.golang.org/genproto/googleapis/rpc v0.0.0-20260427160629-7cedc36a6bc4/go.mod h1:4Hqkh8ycfw05ld/3BWL7rJOSfebL2Q+DVDeRgYgxUU8=
google.golang.org/grpc v1.80.0 h1:Xr6m2WmWZLETvUNvIUmeD5OAagMw3FiKmMlTdViWsHM=
google.golang.org/grpc v1.80.0/go.mod h1:ho/dLnxwi3EDJA4Zghp7k2Ec1+c2jqup0bFkw07bwF4=
google.golang.org/protobuf v1.36.11 h1:fV6ZwhNocDyBLK0dj+fg8ektcVegBBuEolpbTQyBNVE=
google.golang.org/protobuf v1.36.11/go.mod h1:HTf+CrKn2C3g5S8VImy6tdcUvCska2kB7j23XfzDpco=
gopkg.in/yaml.v3 v3.0.1 h1:fxVm/GzAzEWqLHuvctI91KS9hhNmmWOoWu0XTYJS7CA=
gopkg.in/yaml.v3 v3.0.1/go.mod h1:K4uyk7z7BCEPqu6E+C64Yfv1cQ7kz7rIZviUmN+EgEM=
